
Microsoft Visual Studio Solution File, Format Version 12.00
# Visual Studio Version 16
VisualStudioVersion = 16.0.30225.117
MinimumVisualStudioVersion = 10.0.40219.1
Project("{FAE04EC0-301F-11D3-BF4B-00C04F79EFBC}") = "ShouldIJog", "ShouldIJog\ShouldIJog.csproj", "{081DB5F3-C744-46B8-A186-69A38227DEE5}"
EndProject
Global
	GlobalSection(SolutionConfigurationPlatforms) = preSolution
		Debug|Any CPU = Debug|Any CPU
		Release|Any CPU = Release|Any CPU
	EndGlobalSection
	GlobalSection(ProjectConfigurationPlatforms) = postSolution
		{081DB5F3-C744-46B8-A186-69A38227DEE5}.Debug|Any CPU.ActiveCfg = Debug|Any CPU
		{081DB5F3-C744-46B8-A186-69A38227DEE5}.Debug|Any CPU.Build.0 = Debug|Any CPU
		{081DB5F3-C744-46B8-A186-69A38227DEE5}.Release|Any CPU.ActiveCfg = Release|Any CPU
		{081DB5F3-C744-46B8-A186-69A38227DEE5}.Release|Any CPU.Build.0 = Release|Any CPU
	EndGlobalSection
	GlobalSection(SolutionProperties) = preSolution
		HideSolutionNode = FALSE
	EndGlobalSection
	GlobalSection(ExtensibilityGlobals) = postSolution
		SolutionGuid = {77496DE6-B577-44C5-88CC-DF4DD109BE2D}
	EndGlobalSection
EndGlobal
